
Microsoft Visual Studio Solution File, Format Version 12.00
# Visual Studio 15
VisualStudioVersion = 15.0.26430.15
MinimumVisualStudioVersion = 10.0.40219.1
Project("{FAE04EC0-301F-11D3-BF4B-00C04F79EFBC}") = "ProyectoBaseDatosII", "ProyectoBaseDatosII\ProyectoBaseDatosII.csproj", "{C702F944-59B4-49C6-9E9C-72DE3963450D}"
EndProject
Global
	GlobalSection(SolutionConfigurationPlatforms) = preSolution
		Debug|Any CPU = Debug|Any CPU
		Release|Any CPU = Release|Any CPU
	EndGlobalSection
	GlobalSection(ProjectConfigurationPlatforms) = postSolution
		{C702F944-59B4-49C6-9E9C-72DE3963450D}.Debug|Any CPU.ActiveCfg = Debug|Any CPU
		{C702F944-59B4-49C6-9E9C-72DE3963450D}.Debug|Any CPU.Build.0 = Debug|Any CPU
		{C702F944-59B4-49C6-9E9C-72DE3963450D}.Release|Any CPU.ActiveCfg = Release|Any CPU
		{C702F944-59B4-49C6-9E9C-72DE3963450D}.Release|Any CPU.Build.0 = Release|Any CPU
	EndGlobalSection
	GlobalSection(SolutionProperties) = preSolution
		HideSolutionNode = FALSE
	EndGlobalSection
EndGlobal
